
Microsoft Visual Studio Solution File, Format Version 12.00
# Visual Studio 2012
Project("{FAE04EC0-301F-11D3-BF4B-00C04F79EFBC}") = "3333_OlliffN_Ch02Ex01", "3333_OlliffN_Ch02Ex01\3333_OlliffN_Ch02Ex01.csproj", "{AC70CF3A-67E7-44BF-A472-207D0EF729CE}"
EndProject
Global
	GlobalSection(SolutionConfigurationPlatforms) = preSolution
		Debug|Any CPU = Debug|Any CPU
		Release|Any CPU = Release|Any CPU
	EndGlobalSection
	GlobalSection(ProjectConfigurationPlatforms) = postSolution
		{AC70CF3A-67E7-44BF-A472-207D0EF729CE}.Debug|Any CPU.ActiveCfg = Debug|Any CPU
		{AC70CF3A-67E7-44BF-A472-207D0EF729CE}.Debug|Any CPU.Build.0 = Debug|Any CPU
		{AC70CF3A-67E7-44BF-A472-207D0EF729CE}.Release|Any CPU.ActiveCfg = Release|Any CPU
		{AC70CF3A-67E7-44BF-A472-207D0EF729CE}.Release|Any CPU.Build.0 = Release|Any CPU
	EndGlobalSection
	GlobalSection(SolutionProperties) = preSolution
		HideSolutionNode = FALSE
	EndGlobalSection
EndGlobal
